dependencies:
  prompt-sync: 4.2.0
lockfileVersion: 5.2
packages:
  /ansi-regex/4.1.0:
    dev: false
    engines:
      node: '>=6'
    resolution:
      integrity: sha512-1apePfXM1UOSqw0o9IiFAovVz9M5S1Dg+4TrDwfMewQ6p/rmMueb7tWZjQ1rx4Loy1ArBggoqGpfqqdI4rondg==
  /prompt-sync/4.2.0:
    dependencies:
      strip-ansi: 5.2.0
    dev: false
    resolution:
      integrity: sha512-BuEzzc5zptP5LsgV5MZETjDaKSWfchl5U9Luiu8SKp7iZWD5tZalOxvNcZRwv+d2phNFr8xlbxmFNcRKfJOzJw==
  /strip-ansi/5.2.0:
    dependencies:
      ansi-regex: 4.1.0
    dev: false
    engines:
      node: '>=6'
    resolution:
      integrity: sha512-DuRs1gKbBqsMKIZlrffwlug8MHkcnpjs5VPmL1PAh+mA30U0DTotfDZ0d2UUsXpPmPmMMJ6W773MaA3J+lbiWA==
specifiers:
  prompt-sync: ^4.2.0
